
Microsoft Visual Studio Solution File, Format Version 12.00
# Visual Studio 15
VisualStudioVersion = 15.0.28307.902
MinimumVisualStudioVersion = 10.0.40219.1
Project("{FAE04EC0-301F-11D3-BF4B-00C04F79EFBC}") = "TheIDcoTest.BalanceCalculator", "TheIDcoTest.BalanceCalculator\TheIDcoTest.BalanceCalculator.csproj", "{C6B5CC77-4858-44FC-ADE0-1F0DF7E5636F}"
EndProject
Project("{FAE04EC0-301F-11D3-BF4B-00C04F79EFBC}") = "TheIDcoTest.BalanceCalculator.UnitTests", "TheIDcoTest.BalanceCalculator.UnitTests\TheIDcoTest.BalanceCalculator.UnitTests.csproj", "{8ED4546C-F17D-478E-941E-4F3063F2D877}"
EndProject
Global
	GlobalSection(SolutionConfigurationPlatforms) = preSolution
		Debug|Any CPU = Debug|Any CPU
		Release|Any CPU = Release|Any CPU
	EndGlobalSection
	GlobalSection(ProjectConfigurationPlatforms) = postSolution
		{C6B5CC77-4858-44FC-ADE0-1F0DF7E5636F}.Debug|Any CPU.ActiveCfg = Debug|Any CPU
		{C6B5CC77-4858-44FC-ADE0-1F0DF7E5636F}.Debug|Any CPU.Build.0 = Debug|Any CPU
		{C6B5CC77-4858-44FC-ADE0-1F0DF7E5636F}.Release|Any CPU.ActiveCfg = Release|Any CPU
		{C6B5CC77-4858-44FC-ADE0-1F0DF7E5636F}.Release|Any CPU.Build.0 = Release|Any CPU
		{8ED4546C-F17D-478E-941E-4F3063F2D877}.Debug|Any CPU.ActiveCfg = Debug|Any CPU
		{8ED4546C-F17D-478E-941E-4F3063F2D877}.Debug|Any CPU.Build.0 = Debug|Any CPU
		{8ED4546C-F17D-478E-941E-4F3063F2D877}.Release|Any CPU.ActiveCfg = Release|Any CPU
		{8ED4546C-F17D-478E-941E-4F3063F2D877}.Release|Any CPU.Build.0 = Release|Any CPU
	EndGlobalSection
	GlobalSection(SolutionProperties) = preSolution
		HideSolutionNode = FALSE
	EndGlobalSection
	GlobalSection(ExtensibilityGlobals) = postSolution
		SolutionGuid = {C1C0A7DB-D495-4F0B-87C8-0AA9F2E99D1B}
	EndGlobalSection
EndGlobal
